// !$*UTF8*$!
{
	archiveVersion = 1;
	classes = {
	};
	objectVersion = 46;
	objects = {

/* Begin PBXBuildFile section */
		D1D1429E1EA23D1400D4ECA6 /* AppDelegate.swift in Sources */ = {isa = PBXBuildFile; fileRef = D1D1429D1EA23D1400D4ECA6 /* AppDelegate.swift */; };
		D1D142A01EA23D1400D4ECA6 /* ViewController.swift in Sources */ = {isa = PBXBuildFile; fileRef = D1D1429F1EA23D1400D4ECA6 /* ViewController.swift */; };
		D1D142A51EA23D1400D4ECA6 /* Assets.xcassets in Resources */ = {isa = PBXBuildFile; fileRef = D1D142A41EA23D1400D4ECA6 /* Assets.xcassets */; };
		D1D142A81EA23D1400D4ECA6 /* LaunchScreen.storyboard in Resources */ = {isa = PBXBuildFile; fileRef = D1D142A61EA23D1400D4ECA6 /* LaunchScreen.storyboard */; };
		D1D142B31EA23D1400D4ECA6 /* ReduxCounterTests.swift in Sources */ = {isa = PBXBuildFile; fileRef = D1D142B21EA23D1400D4ECA6 /* ReduxCounterTests.swift */; };
		D1D142BE1EA23E1000D4ECA6 /* CounterViewCell.swift in Sources */ = {isa = PBXBuildFile; fileRef = D1D142BD1EA23E1000D4ECA6 /* CounterViewCell.swift */; };
		D1D142C01EA23E2100D4ECA6 /* CounterViewCell.xib in Resources */ = {isa = PBXBuildFile; fileRef = D1D142BF1EA23E2100D4ECA6 /* CounterViewCell.xib */; };
		D1D142C21EA24ABB00D4ECA6 /* Redux.swift in Sources */ = {isa = PBXBuildFile; fileRef = D1D142C11EA24ABB00D4ECA6 /* Redux.swift */; };
		D1D142C41EA24CB500D4ECA6 /* CounterReducer.swift in Sources */ = {isa = PBXBuildFile; fileRef = D1D142C31EA24CB500D4ECA6 /* CounterReducer.swift */; };
		D1D142C71EA2555B00D4ECA6 /* AddCounterCell.swift in Sources */ = {isa = PBXBuildFile; fileRef = D1D142C51EA2555B00D4ECA6 /* AddCounterCell.swift */; };
		D1D142C81EA2555B00D4ECA6 /* AddCounterCell.xib in Resources */ = {isa = PBXBuildFile; fileRef = D1D142C61EA2555B00D4ECA6 /* AddCounterCell.xib */; };
/* End PBXBuildFile section */

/* Begin PBXContainerItemProxy section */
		D1D142AF1EA23D1400D4ECA6 /* PBXContainerItemProxy */ = {
			isa = PBXContainerItemProxy;
			containerPortal = D1D142921EA23D1400D4ECA6 /* Project object */;
			proxyType = 1;
			remoteGlobalIDString = D1D142991EA23D1400D4ECA6;
			remoteInfo = ReduxCounter;
		};
/* End PBXContainerItemProxy section */

/* Begin PBXFileReference section */
		D1D1429A1EA23D1400D4ECA6 /* ReduxCounter.app */ = {isa = PBXFileReference; explicitFileType = wrapper.application; includeInIndex = 0; path = ReduxCounter.app; sourceTree = BUILT_PRODUCTS_DIR; };
		D1D1429D1EA23D1400D4ECA6 /* AppDelegate.swift */ = {isa = PBXFileReference; lastKnownFileType = sourcecode.swift; path = AppDelegate.swift; sourceTree = "<group>"; };
		D1D1429F1EA23D1400D4ECA6 /* ViewController.swift */ = {isa = PBXFileReference; lastKnownFileType = sourcecode.swift; path = ViewController.swift; sourceTree = "<group>"; };
		D1D142A41EA23D1400D4ECA6 /* Assets.xcassets */ = {isa = PBXFileReference; lastKnownFileType = folder.assetcatalog; path = Assets.xcassets; sourceTree = "<group>"; };
		D1D142A71EA23D1400D4ECA6 /* Base */ = {isa = PBXFileReference; lastKnownFileType = file.storyboard; name = Base; path = Base.lproj/LaunchScreen.storyboard; sourceTree = "<group>"; };
		D1D142A91EA23D1400D4ECA6 /* Info.plist */ = {isa = PBXFileReference; lastKnownFileType = text.plist.xml; path = Info.plist; sourceTree = "<group>"; };
		D1D142AE1EA23D1400D4ECA6 /* ReduxCounterTests.xctest */ = {isa = PBXFileReference; explicitFileType = wrapper.cfbundle; includeInIndex = 0; path = ReduxCounterTests.xctest; sourceTree = BUILT_PRODUCTS_DIR; };
		D1D142B21EA23D1400D4ECA6 /* ReduxCounterTests.swift */ = {isa = PBXFileReference; lastKnownFileType = sourcecode.swift; path = ReduxCounterTests.swift; sourceTree = "<group>"; };
		D1D142B41EA23D1400D4ECA6 /* Info.plist */ = {isa = PBXFileReference; lastKnownFileType = text.plist.xml; path = Info.plist; sourceTree = "<group>"; };
		D1D142BD1EA23E1000D4ECA6 /* CounterViewCell.swift */ = {isa = PBXFileReference; fileEncoding = 4; lastKnownFileType = sourcecode.swift; path = CounterViewCell.swift; sourceTree = "<group>"; };
		D1D142BF1EA23E2100D4ECA6 /* CounterViewCell.xib */ = {isa = PBXFileReference; fileEncoding = 4; lastKnownFileType = file.xib; path = CounterViewCell.xib; sourceTree = "<group>"; };
		D1D142C11EA24ABB00D4ECA6 /* Redux.swift */ = {isa = PBXFileReference; fileEncoding = 4; lastKnownFileType = sourcecode.swift; path = Redux.swift; sourceTree = "<group>"; };
		D1D142C31EA24CB500D4ECA6 /* CounterReducer.swift */ = {isa = PBXFileReference; fileEncoding = 4; lastKnownFileType = sourcecode.swift; path = CounterReducer.swift; sourceTree = "<group>"; };
		D1D142C51EA2555B00D4ECA6 /* AddCounterCell.swift */ = {isa = PBXFileReference; fileEncoding = 4; lastKnownFileType = sourcecode.swift; path = AddCounterCell.swift; sourceTree = "<group>"; };
		D1D142C61EA2555B00D4ECA6 /* AddCounterCell.xib */ = {isa = PBXFileReference; fileEncoding = 4; lastKnownFileType = file.xib; path = AddCounterCell.xib; sourceTree = "<group>"; };
/* End PBXFileReference section */

/* Begin PBXFrameworksBuildPhase section */
		D1D142971EA23D1400D4ECA6 /* Frameworks */ = {
			isa = PBXFrameworksBuildPhase;
			buildActionMask = 2147483647;
			files = (
			);
			runOnlyForDeploymentPostprocessing = 0;
		};
		D1D142AB1EA23D1400D4ECA6 /* Frameworks */ = {
			isa = PBXFrameworksBuildPhase;
			buildActionMask = 2147483647;
			files = (
			);
			runOnlyForDeploymentPostprocessing = 0;
		};
/* End PBXFrameworksBuildPhase section */

/* Begin PBXGroup section */
		D1D142911EA23D1400D4ECA6 = {
			isa = PBXGroup;
			children = (
				D1D1429C1EA23D1400D4ECA6 /* ReduxCounter */,
				D1D142B11EA23D1400D4ECA6 /* ReduxCounterTests */,
				D1D1429B1EA23D1400D4ECA6 /* Products */,
			);
			sourceTree = "<group>";
		};
		D1D1429B1EA23D1400D4ECA6 /* Products */ = {
			isa = PBXGroup;
			children = (
				D1D1429A1EA23D1400D4ECA6 /* ReduxCounter.app */,
				D1D142AE1EA23D1400D4ECA6 /* ReduxCounterTests.xctest */,
			);
			name = Products;
			sourceTree = "<group>";
		};
		D1D1429C1EA23D1400D4ECA6 /* ReduxCounter */ = {
			isa = PBXGroup;
			children = (
				D1D1429D1EA23D1400D4ECA6 /* AppDelegate.swift */,
				D1D1429F1EA23D1400D4ECA6 /* ViewController.swift */,
				D1D142A41EA23D1400D4ECA6 /* Assets.xcassets */,
				D1D142A61EA23D1400D4ECA6 /* LaunchScreen.storyboard */,
				D1D142A91EA23D1400D4ECA6 /* Info.plist */,
				D1D142C91EA255B000D4ECA6 /* Cells */,
				D1D142C11EA24ABB00D4ECA6 /* Redux.swift */,
				D1D142C31EA24CB500D4ECA6 /* CounterReducer.swift */,
			);
			path = ReduxCounter;
			sourceTree = "<group>";
		};
		D1D142B11EA23D1400D4ECA6 /* ReduxCounterTests */ = {
			isa = PBXGroup;
			children = (
				D1D142B21EA23D1400D4ECA6 /* ReduxCounterTests.swift */,
				D1D142B41EA23D1400D4ECA6 /* Info.plist */,
			);
			path = ReduxCounterTests;
			sourceTree = "<group>";
		};
		D1D142C91EA255B000D4ECA6 /* Cells */ = {
			isa = PBXGroup;
			children = (
				D1D142BD1EA23E1000D4ECA6 /* CounterViewCell.swift */,
				D1D142BF1EA23E2100D4ECA6 /* CounterViewCell.xib */,
				D1D142C51EA2555B00D4ECA6 /* AddCounterCell.swift */,
				D1D142C61EA2555B00D4ECA6 /* AddCounterCell.xib */,
			);
			name = Cells;
			sourceTree = "<group>";
		};
/* End PBXGroup section */

/* Begin PBXNativeTarget section */
		D1D142991EA23D1400D4ECA6 /* ReduxCounter */ = {
			isa = PBXNativeTarget;
			buildConfigurationList = D1D142B71EA23D1400D4ECA6 /* Build configuration list for PBXNativeTarget "ReduxCounter" */;
			buildPhases = (
				D1D142961EA23D1400D4ECA6 /* Sources */,
				D1D142971EA23D1400D4ECA6 /* Frameworks */,
				D1D142981EA23D1400D4ECA6 /* Resources */,
			);
			buildRules = (
			);
			dependencies = (
			);
			name = ReduxCounter;
			productName = ReduxCounter;
			productReference = D1D1429A1EA23D1400D4ECA6 /* ReduxCounter.app */;
			productType = "com.apple.product-type.application";
		};
		D1D142AD1EA23D1400D4ECA6 /* ReduxCounterTests */ = {
			isa = PBXNativeTarget;
			buildConfigurationList = D1D142BA1EA23D1400D4ECA6 /* Build configuration list for PBXNativeTarget "ReduxCounterTests" */;
			buildPhases = (
				D1D142AA1EA23D1400D4ECA6 /* Sources */,
				D1D142AB1EA23D1400D4ECA6 /* Frameworks */,
				D1D142AC1EA23D1400D4ECA6 /* Resources */,
			);
			buildRules = (
			);
			dependencies = (
				D1D142B01EA23D1400D4ECA6 /* PBXTargetDependency */,
			);
			name = ReduxCounterTests;
			productName = ReduxCounterTests;
			productReference = D1D142AE1EA23D1400D4ECA6 /* ReduxCounterTests.xctest */;
			productType = "com.apple.product-type.bundle.unit-test";
		};
/* End PBXNativeTarget section */

/* Begin PBXProject section */
		D1D142921EA23D1400D4ECA6 /* Project object */ = {
			isa = PBXProject;
			attributes = {
				LastSwiftUpdateCheck = 0820;
				LastUpgradeCheck = 0820;
				ORGANIZATIONNAME = Shiiba;
				TargetAttributes = {
					D1D142991EA23D1400D4ECA6 = {
						CreatedOnToolsVersion = 8.2.1;
						ProvisioningStyle = Automatic;
					};
					D1D142AD1EA23D1400D4ECA6 = {
						CreatedOnToolsVersion = 8.2.1;
						ProvisioningStyle = Automatic;
						TestTargetID = D1D142991EA23D1400D4ECA6;
					};
				};
			};
			buildConfigurationList = D1D142951EA23D1400D4ECA6 /* Build configuration list for PBXProject "ReduxCounter" */;
			compatibilityVersion = "Xcode 3.2";
			developmentRegion = English;
			hasScannedForEncodings = 0;
			knownRegions = (
				en,
				Base,
			);
			mainGroup = D1D142911EA23D1400D4ECA6;
			productRefGroup = D1D1429B1EA23D1400D4ECA6 /* Products */;
			projectDirPath = "";
			projectRoot = "";
			targets = (
				D1D142991EA23D1400D4ECA6 /* ReduxCounter */,
				D1D142AD1EA23D1400D4ECA6 /* ReduxCounterTests */,
			);
		};
/* End PBXProject section */

/* Begin PBXResourcesBuildPhase section */
		D1D142981EA23D1400D4ECA6 /* Resources */ = {
			isa = PBXResourcesBuildPhase;
			buildActionMask = 2147483647;
			files = (
				D1D142C81EA2555B00D4ECA6 /* AddCounterCell.xib in Resources */,
				D1D142A81EA23D1400D4ECA6 /* LaunchScreen.storyboard in Resources */,
				D1D142A51EA23D1400D4ECA6 /* Assets.xcassets in Resources */,
				D1D142C01EA23E2100D4ECA6 /* CounterViewCell.xib in Resources */,
			);
			runOnlyForDeploymentPostprocessing = 0;
		};
		D1D142AC1EA23D1400D4ECA6 /* Resources */ = {
			isa = PBXResourcesBuildPhase;
			buildActionMask = 2147483647;
			files = (
			);
			runOnlyForDeploymentPostprocessing = 0;
		};
/* End PBXResourcesBuildPhase section */

/* Begin PBXSourcesBuildPhase section */
		D1D142961EA23D1400D4ECA6 /* Sources */ = {
			isa = PBXSourcesBuildPhase;
			buildActionMask = 2147483647;
			files = (
				D1D142C71EA2555B00D4ECA6 /* AddCounterCell.swift in Sources */,
				D1D142A01EA23D1400D4ECA6 /* ViewController.swift in Sources */,
				D1D142C41EA24CB500D4ECA6 /* CounterReducer.swift in Sources */,
				D1D1429E1EA23D1400D4ECA6 /* AppDelegate.swift in Sources */,
				D1D142C21EA24ABB00D4ECA6 /* Redux.swift in Sources */,
				D1D142BE1EA23E1000D4ECA6 /* CounterViewCell.swift in Sources */,
			);
			runOnlyForDeploymentPostprocessing = 0;
		};
		D1D142AA1EA23D1400D4ECA6 /* Sources */ = {
			isa = PBXSourcesBuildPhase;
			buildActionMask = 2147483647;
			files = (
				D1D142B31EA23D1400D4ECA6 /* ReduxCounterTests.swift in Sources */,
			);
			runOnlyForDeploymentPostprocessing = 0;
		};
/* End PBXSourcesBuildPhase section */

/* Begin PBXTargetDependency section */
		D1D142B01EA23D1400D4ECA6 /* PBXTargetDependency */ = {
			isa = PBXTargetDependency;
			target = D1D142991EA23D1400D4ECA6 /* ReduxCounter */;
			targetProxy = D1D142AF1EA23D1400D4ECA6 /* PBXContainerItemProxy */;
		};
/* End PBXTargetDependency section */

/* Begin PBXVariantGroup section */
		D1D142A61EA23D1400D4ECA6 /* LaunchScreen.storyboard */ = {
			isa = PBXVariantGroup;
			children = (
				D1D142A71EA23D1400D4ECA6 /* Base */,
			);
			name = LaunchScreen.storyboard;
			sourceTree = "<group>";
		};
/* End PBXVariantGroup section */

/* Begin XCBuildConfiguration section */
		D1D142B51EA23D1400D4ECA6 /* Debug */ = {
			isa = XCBuildConfiguration;
			buildSettings = {
				ALWAYS_SEARCH_USER_PATHS = NO;
				CLANG_ANALYZER_NONNULL = YES;
				CLANG_CXX_LANGUAGE_STANDARD = "gnu++0x";
				CLANG_CXX_LIBRARY = "libc++";
				CLANG_ENABLE_MODULES = YES;
				CLANG_ENABLE_OBJC_ARC = YES;
				CLANG_WARN_BOOL_CONVERSION = YES;
				CLANG_WARN_CONSTANT_CONVERSION = YES;
				CLANG_WARN_DIRECT_OBJC_ISA_USAGE = YES_ERROR;
				CLANG_WARN_DOCUMENTATION_COMMENTS = YES;
				CLANG_WARN_EMPTY_BODY = YES;
				CLANG_WARN_ENUM_CONVERSION = YES;
				CLANG_WARN_INFINITE_RECURSION = YES;
				CLANG_WARN_INT_CONVERSION = YES;
				CLANG_WARN_OBJC_ROOT_CLASS = YES_ERROR;
				CLANG_WARN_SUSPICIOUS_MOVE = YES;
				CLANG_WARN_UNREACHABLE_CODE = YES;
				CLANG_WARN__DUPLICATE_METHOD_MATCH = YES;
				"CODE_SIGN_IDENTITY[sdk=iphoneos*]" = "iPhone Developer";
				COPY_PHASE_STRIP = NO;
				DEBUG_INFORMATION_FORMAT = dwarf;
				ENABLE_STRICT_OBJC_MSGSEND = YES;
				ENABLE_TESTABILITY = YES;
				GCC_C_LANGUAGE_STANDARD = gnu99;
				GCC_DYNAMIC_NO_PIC = NO;
				GCC_NO_COMMON_BLOCKS = YES;
				GCC_OPTIMIZATION_LEVEL = 0;
				GCC_PREPROCESSOR_DEFINITIONS = (
					"DEBUG=1",
					"$(inherited)",
				);
				GCC_WARN_64_TO_32_BIT_CONVERSION = YES;
				GCC_WARN_ABOUT_RETURN_TYPE = YES_ERROR;
				GCC_WARN_UNDECLARED_SELECTOR = YES;
				GCC_WARN_UNINITIALIZED_AUTOS = YES_AGGRESSIVE;
				GCC_WARN_UNUSED_FUNCTION = YES;
				GCC_WARN_UNUSED_VARIABLE = YES;
				IPHONEOS_DEPLOYMENT_TARGET = 10.2;
				MTL_ENABLE_DEBUG_INFO = YES;
				ONLY_ACTIVE_ARCH = YES;
				SDKROOT = iphoneos;
				SWIFT_ACTIVE_COMPILATION_CONDITIONS = DEBUG;
				SWIFT_OPTIMIZATION_LEVEL = "-Onone";
			};
			name = Debug;
		};
		D1D142B61EA23D1400D4ECA6 /* Release */ = {
			isa = XCBuildConfiguration;
			buildSettings = {
				ALWAYS_SEARCH_USER_PATHS = NO;
				CLANG_ANALYZER_NONNULL = YES;
				CLANG_CXX_LANGUAGE_STANDARD = "gnu++0x";
				CLANG_CXX_LIBRARY = "libc++";
				CLANG_ENABLE_MODULES = YES;
				CLANG_ENABLE_OBJC_ARC = YES;
				CLANG_WARN_BOOL_CONVERSION = YES;
				CLANG_WARN_CONSTANT_CONVERSION = YES;
				CLANG_WARN_DIRECT_OBJC_ISA_USAGE = YES_ERROR;
				CLANG_WARN_DOCUMENTATION_COMMENTS = YES;
				CLANG_WARN_EMPTY_BODY = YES;
				CLANG_WARN_ENUM_CONVERSION = YES;
				CLANG_WARN_INFINITE_RECURSION = YES;
				CLANG_WARN_INT_CONVERSION = YES;
				CLANG_WARN_OBJC_ROOT_CLASS = YES_ERROR;
				CLANG_WARN_SUSPICIOUS_MOVE = YES;
				CLANG_WARN_UNREACHABLE_CODE = YES;
				CLANG_WARN__DUPLICATE_METHOD_MATCH = YES;
				"CODE_SIGN_IDENTITY[sdk=iphoneos*]" = "iPhone Developer";
				COPY_PHASE_STRIP = NO;
				DEBUG_INFORMATION_FORMAT = "dwarf-with-dsym";
				ENABLE_NS_ASSERTIONS = NO;
				ENABLE_STRICT_OBJC_MSGSEND = YES;
				GCC_C_LANGUAGE_STANDARD = gnu99;
				GCC_NO_COMMON_BLOCKS = YES;
				GCC_WARN_64_TO_32_BIT_CONVERSION = YES;
				GCC_WARN_ABOUT_RETURN_TYPE = YES_ERROR;
				GCC_WARN_UNDECLARED_SELECTOR = YES;
				GCC_WARN_UNINITIALIZED_AUTOS = YES_AGGRESSIVE;
				GCC_WARN_UNUSED_FUNCTION = YES;
				GCC_WARN_UNUSED_VARIABLE = YES;
				IPHONEOS_DEPLOYMENT_TARGET = 10.2;
				MTL_ENABLE_DEBUG_INFO = NO;
				SDKROOT = iphoneos;
				SWIFT_OPTIMIZATION_LEVEL = "-Owholemodule";
				VALIDATE_PRODUCT = YES;
			};
			name = Release;
		};
		D1D142B81EA23D1400D4ECA6 /* Debug */ = {
			isa = XCBuildConfiguration;
			buildSettings = {
				ASSETCATALOG_COMPILER_APPICON_NAME = AppIcon;
				INFOPLIST_FILE = ReduxCounter/Info.plist;
				LD_RUNPATH_SEARCH_PATHS = "$(inherited) @executable_path/Frameworks";
				PRODUCT_BUNDLE_IDENTIFIER = com.Shiiba.ReduxCounter;
				PRODUCT_NAME = "$(TARGET_NAME)";
				SWIFT_VERSION = 3.0;
			};
			name = Debug;
		};
		D1D142B91EA23D1400D4ECA6 /* Release */ = {
			isa = XCBuildConfiguration;
			buildSettings = {
				ASSETCATALOG_COMPILER_APPICON_NAME = AppIcon;
				INFOPLIST_FILE = ReduxCounter/Info.plist;
				LD_RUNPATH_SEARCH_PATHS = "$(inherited) @executable_path/Frameworks";
				PRODUCT_BUNDLE_IDENTIFIER = com.Shiiba.ReduxCounter;
				PRODUCT_NAME = "$(TARGET_NAME)";
				SWIFT_VERSION = 3.0;
			};
			name = Release;
		};
		D1D142BB1EA23D1400D4ECA6 /* Debug */ = {
			isa = XCBuildConfiguration;
			buildSettings = {
				ALWAYS_EMBED_SWIFT_STANDARD_LIBRARIES = YES;
				BUNDLE_LOADER = "$(TEST_HOST)";
				INFOPLIST_FILE = ReduxCounterTests/Info.plist;
				LD_RUNPATH_SEARCH_PATHS = "$(inherited) @executable_path/Frameworks @loader_path/Frameworks";
				PRODUCT_BUNDLE_IDENTIFIER = com.Shiiba.ReduxCounterTests;
				PRODUCT_NAME = "$(TARGET_NAME)";
				SWIFT_VERSION = 3.0;
				TEST_HOST = "$(BUILT_PRODUCTS_DIR)/ReduxCounter.app/ReduxCounter";
			};
			name = Debug;
		};
		D1D142BC1EA23D1400D4ECA6 /* Release */ = {
			isa = XCBuildConfiguration;
			buildSettings = {
				ALWAYS_EMBED_SWIFT_STANDARD_LIBRARIES = YES;
				BUNDLE_LOADER = "$(TEST_HOST)";
				INFOPLIST_FILE = ReduxCounterTests/Info.plist;
				LD_RUNPATH_SEARCH_PATHS = "$(inherited) @executable_path/Frameworks @loader_path/Frameworks";
				PRODUCT_BUNDLE_IDENTIFIER = com.Shiiba.ReduxCounterTests;
				PRODUCT_NAME = "$(TARGET_NAME)";
				SWIFT_VERSION = 3.0;
				TEST_HOST = "$(BUILT_PRODUCTS_DIR)/ReduxCounter.app/ReduxCounter";
			};
			name = Release;
		};
/* End XCBuildConfiguration section */

/* Begin XCConfigurationList section */
		D1D142951EA23D1400D4ECA6 /* Build configuration list for PBXProject "ReduxCounter" */ = {
			isa = XCConfigurationList;
			buildConfigurations = (
				D1D142B51EA23D1400D4ECA6 /* Debug */,
				D1D142B61EA23D1400D4ECA6 /* Release */,
			);
			defaultConfigurationIsVisible = 0;
			defaultConfigurationName = Release;
		};
		D1D142B71EA23D1400D4ECA6 /* Build configuration list for PBXNativeTarget "ReduxCounter" */ = {
			isa = XCConfigurationList;
			buildConfigurations = (
				D1D142B81EA23D1400D4ECA6 /* Debug */,
				D1D142B91EA23D1400D4ECA6 /* Release */,
			);
			defaultConfigurationIsVisible = 0;
		};
		D1D142BA1EA23D1400D4ECA6 /* Build configuration list for PBXNativeTarget "ReduxCounterTests" */ = {
			isa = XCConfigurationList;
			buildConfigurations = (
				D1D142BB1EA23D1400D4ECA6 /* Debug */,
				D1D142BC1EA23D1400D4ECA6 /* Release */,
			);
			defaultConfigurationIsVisible = 0;
		};
/* End XCConfigurationList section */
	};
	rootObject = D1D142921EA23D1400D4ECA6 /* Project object */;
}
